version: 1.0
shards:
  callback:
    github: mosop/callback
    version: 0.6.3

  optarg:
    github: porras/optarg
    commit: 41c06ac5533c02bab3eaed8cb1e5275e4887dd42

  string_inflection:
    github: mosop/string_inflection
    version: 0.2.1

  webmock:
    github: manastech/webmock.cr
    commit: ca7c79ab3cc8b4c56cb1d70ba7a6952dc35ef8f6

